
Microsoft Visual Studio Solution File, Format Version 12.00
# Visual Studio 15
VisualStudioVersion = 15.0.28307.271
MinimumVisualStudioVersion = 10.0.40219.1
Project("{FAE04EC0-301F-11D3-BF4B-00C04F79EFBC}") = "XF_GoogleMap.Android", "XF_GoogleMap\XF_GoogleMap.Android\XF_GoogleMap.Android.csproj", "{6671179E-513B-4A9F-A430-8B3FB0D5659C}"
EndProject
Project("{FAE04EC0-301F-11D3-BF4B-00C04F79EFBC}") = "XF_GoogleMap.iOS", "XF_GoogleMap\XF_GoogleMap.iOS\XF_GoogleMap.iOS.csproj", "{0ED6C85F-9FD9-418D-BC75-96954A782A16}"
EndProject
Project("{FAE04EC0-301F-11D3-BF4B-00C04F79EFBC}") = "XF_GoogleMap", "XF_GoogleMap\XF_GoogleMap\XF_GoogleMap.csproj", "{C796839D-EA3C-4077-A4E8-447B90D564E3}"
EndProject
Global
	GlobalSection(SolutionConfigurationPlatforms) = preSolution
		Ad-Hoc|Any CPU = Ad-Hoc|Any CPU
		Ad-Hoc|iPhone = Ad-Hoc|iPhone
		Ad-Hoc|iPhoneSimulator = Ad-Hoc|iPhoneSimulator
		AppStore|Any CPU = AppStore|Any CPU
		AppStore|iPhone = AppStore|iPhone
		AppStore|iPhoneSimulator = AppStore|iPhoneSimulator
		Debug|Any CPU = Debug|Any CPU
		Debug|iPhone = Debug|iPhone
		Debug|iPhoneSimulator = Debug|iPhoneSimulator
		Release|Any CPU = Release|Any CPU
		Release|iPhone = Release|iPhone
		Release|iPhoneSimulator = Release|iPhoneSimulator
	EndGlobalSection
	GlobalSection(ProjectConfigurationPlatforms) = postSolution
		{6671179E-513B-4A9F-A430-8B3FB0D5659C}.Ad-Hoc|Any CPU.ActiveCfg = Release|Any CPU
		{6671179E-513B-4A9F-A430-8B3FB0D5659C}.Ad-Hoc|Any CPU.Build.0 = Release|Any CPU
		{6671179E-513B-4A9F-A430-8B3FB0D5659C}.Ad-Hoc|Any CPU.Deploy.0 = Release|Any CPU
		{6671179E-513B-4A9F-A430-8B3FB0D5659C}.Ad-Hoc|iPhone.ActiveCfg = Release|Any CPU
		{6671179E-513B-4A9F-A430-8B3FB0D5659C}.Ad-Hoc|iPhone.Build.0 = Release|Any CPU
		{6671179E-513B-4A9F-A430-8B3FB0D5659C}.Ad-Hoc|iPhone.Deploy.0 = Release|Any CPU
		{6671179E-513B-4A9F-A430-8B3FB0D5659C}.Ad-Hoc|iPhoneSimulator.ActiveCfg = Release|Any CPU
		{6671179E-513B-4A9F-A430-8B3FB0D5659C}.Ad-Hoc|iPhoneSimulator.Build.0 = Release|Any CPU
		{6671179E-513B-4A9F-A430-8B3FB0D5659C}.Ad-Hoc|iPhoneSimulator.Deploy.0 = Release|Any CPU
		{6671179E-513B-4A9F-A430-8B3FB0D5659C}.AppStore|Any CPU.ActiveCfg = Release|Any CPU
		{6671179E-513B-4A9F-A430-8B3FB0D5659C}.AppStore|Any CPU.Build.0 = Release|Any CPU
		{6671179E-513B-4A9F-A430-8B3FB0D5659C}.AppStore|Any CPU.Deploy.0 = Release|Any CPU
		{6671179E-513B-4A9F-A430-8B3FB0D5659C}.AppStore|iPhone.ActiveCfg = Release|Any CPU
		{6671179E-513B-4A9F-A430-8B3FB0D5659C}.AppStore|iPhone.Build.0 = Release|Any CPU
		{6671179E-513B-4A9F-A430-8B3FB0D5659C}.AppStore|iPhone.Deploy.0 = Release|Any CPU
		{6671179E-513B-4A9F-A430-8B3FB0D5659C}.AppStore|iPhoneSimulator.ActiveCfg = Release|Any CPU
		{6671179E-513B-4A9F-A430-8B3FB0D5659C}.AppStore|iPhoneSimulator.Build.0 = Release|Any CPU
		{6671179E-513B-4A9F-A430-8B3FB0D5659C}.AppStore|iPhoneSimulator.Deploy.0 = Release|Any CPU
		{6671179E-513B-4A9F-A430-8B3FB0D5659C}.Debug|Any CPU.ActiveCfg = Debug|Any CPU
		{6671179E-513B-4A9F-A430-8B3FB0D5659C}.Debug|Any CPU.Build.0 = Debug|Any CPU
		{6671179E-513B-4A9F-A430-8B3FB0D5659C}.Debug|Any CPU.Deploy.0 = Debug|Any CPU
		{6671179E-513B-4A9F-A430-8B3FB0D5659C}.Debug|iPhone.ActiveCfg = Debug|Any CPU
		{6671179E-513B-4A9F-A430-8B3FB0D5659C}.Debug|iPhone.Build.0 = Debug|Any CPU
		{6671179E-513B-4A9F-A430-8B3FB0D5659C}.Debug|iPhone.Deploy.0 = Debug|Any CPU
		{6671179E-513B-4A9F-A430-8B3FB0D5659C}.Debug|iPhoneSimulator.ActiveCfg = Debug|Any CPU
		{6671179E-513B-4A9F-A430-8B3FB0D5659C}.Debug|iPhoneSimulator.Build.0 = Debug|Any CPU
		{6671179E-513B-4A9F-A430-8B3FB0D5659C}.Debug|iPhoneSimulator.Deploy.0 = Debug|Any CPU
		{6671179E-513B-4A9F-A430-8B3FB0D5659C}.Release|Any CPU.ActiveCfg = Release|Any CPU
		{6671179E-513B-4A9F-A430-8B3FB0D5659C}.Release|Any CPU.Build.0 = Release|Any CPU
		{6671179E-513B-4A9F-A430-8B3FB0D5659C}.Release|Any CPU.Deploy.0 = Release|Any CPU
		{6671179E-513B-4A9F-A430-8B3FB0D5659C}.Release|iPhone.ActiveCfg = Release|Any CPU
		{6671179E-513B-4A9F-A430-8B3FB0D5659C}.Release|iPhone.Build.0 = Release|Any CPU
		{6671179E-513B-4A9F-A430-8B3FB0D5659C}.Release|iPhone.Deploy.0 = Release|Any CPU
		{6671179E-513B-4A9F-A430-8B3FB0D5659C}.Release|iPhoneSimulator.ActiveCfg = Release|Any CPU
		{6671179E-513B-4A9F-A430-8B3FB0D5659C}.Release|iPhoneSimulator.Build.0 = Release|Any CPU
		{6671179E-513B-4A9F-A430-8B3FB0D5659C}.Release|iPhoneSimulator.Deploy.0 = Release|Any CPU
		{0ED6C85F-9FD9-418D-BC75-96954A782A16}.Ad-Hoc|Any CPU.ActiveCfg = Ad-Hoc|iPhone
		{0ED6C85F-9FD9-418D-BC75-96954A782A16}.Ad-Hoc|Any CPU.Build.0 = Ad-Hoc|iPhone
		{0ED6C85F-9FD9-418D-BC75-96954A782A16}.Ad-Hoc|Any CPU.Deploy.0 = Ad-Hoc|iPhone
		{0ED6C85F-9FD9-418D-BC75-96954A782A16}.Ad-Hoc|iPhone.ActiveCfg = Ad-Hoc|iPhone
		{0ED6C85F-9FD9-418D-BC75-96954A782A16}.Ad-Hoc|iPhone.Build.0 = Ad-Hoc|iPhone
		{0ED6C85F-9FD9-418D-BC75-96954A782A16}.Ad-Hoc|iPhone.Deploy.0 = Ad-Hoc|iPhone
		{0ED6C85F-9FD9-418D-BC75-96954A782A16}.Ad-Hoc|iPhoneSimulator.ActiveCfg = Ad-Hoc|iPhoneSimulator
		{0ED6C85F-9FD9-418D-BC75-96954A782A16}.Ad-Hoc|iPhoneSimulator.Build.0 = Ad-Hoc|iPhoneSimulator
		{0ED6C85F-9FD9-418D-BC75-96954A782A16}.Ad-Hoc|iPhoneSimulator.Deploy.0 = Ad-Hoc|iPhoneSimulator
		{0ED6C85F-9FD9-418D-BC75-96954A782A16}.AppStore|Any CPU.ActiveCfg = AppStore|iPhone
		{0ED6C85F-9FD9-418D-BC75-96954A782A16}.AppStore|Any CPU.Build.0 = AppStore|iPhone
		{0ED6C85F-9FD9-418D-BC75-96954A782A16}.AppStore|Any CPU.Deploy.0 = AppStore|iPhone
		{0ED6C85F-9FD9-418D-BC75-96954A782A16}.AppStore|iPhone.ActiveCfg = AppStore|iPhone
		{0ED6C85F-9FD9-418D-BC75-96954A782A16}.AppStore|iPhone.Build.0 = AppStore|iPhone
		{0ED6C85F-9FD9-418D-BC75-96954A782A16}.AppStore|iPhone.Deploy.0 = AppStore|iPhone
		{0ED6C85F-9FD9-418D-BC75-96954A782A16}.AppStore|iPhoneSimulator.ActiveCfg = AppStore|iPhoneSimulator
		{0ED6C85F-9FD9-418D-BC75-96954A782A16}.AppStore|iPhoneSimulator.Build.0 = AppStore|iPhoneSimulator
		{0ED6C85F-9FD9-418D-BC75-96954A782A16}.AppStore|iPhoneSimulator.Deploy.0 = AppStore|iPhoneSimulator
		{0ED6C85F-9FD9-418D-BC75-96954A782A16}.Debug|Any CPU.ActiveCfg = Debug|iPhoneSimulator
		{0ED6C85F-9FD9-418D-BC75-96954A782A16}.Debug|Any CPU.Build.0 = Debug|iPhoneSimulator
		{0ED6C85F-9FD9-418D-BC75-96954A782A16}.Debug|Any CPU.Deploy.0 = Debug|iPhoneSimulator
		{0ED6C85F-9FD9-418D-BC75-96954A782A16}.Debug|iPhone.ActiveCfg = Debug|iPhone
		{0ED6C85F-9FD9-418D-BC75-96954A782A16}.Debug|iPhone.Build.0 = Debug|iPhone
		{0ED6C85F-9FD9-418D-BC75-96954A782A16}.Debug|iPhone.Deploy.0 = Debug|iPhone
		{0ED6C85F-9FD9-418D-BC75-96954A782A16}.Debug|iPhoneSimulator.ActiveCfg = Debug|iPhoneSimulator
		{0ED6C85F-9FD9-418D-BC75-96954A782A16}.Debug|iPhoneSimulator.Build.0 = Debug|iPhoneSimulator
		{0ED6C85F-9FD9-418D-BC75-96954A782A16}.Debug|iPhoneSimulator.Deploy.0 = Debug|iPhoneSimulator
		{0ED6C85F-9FD9-418D-BC75-96954A782A16}.Release|Any CPU.ActiveCfg = Release|iPhone
		{0ED6C85F-9FD9-418D-BC75-96954A782A16}.Release|Any CPU.Build.0 = Release|iPhone
		{0ED6C85F-9FD9-418D-BC75-96954A782A16}.Release|Any CPU.Deploy.0 = Release|iPhone
		{0ED6C85F-9FD9-418D-BC75-96954A782A16}.Release|iPhone.ActiveCfg = Release|iPhone
		{0ED6C85F-9FD9-418D-BC75-96954A782A16}.Release|iPhone.Build.0 = Release|iPhone
		{0ED6C85F-9FD9-418D-BC75-96954A782A16}.Release|iPhone.Deploy.0 = Release|iPhone
		{0ED6C85F-9FD9-418D-BC75-96954A782A16}.Release|iPhoneSimulator.ActiveCfg = Release|iPhoneSimulator
		{0ED6C85F-9FD9-418D-BC75-96954A782A16}.Release|iPhoneSimulator.Build.0 = Release|iPhoneSimulator
		{0ED6C85F-9FD9-418D-BC75-96954A782A16}.Release|iPhoneSimulator.Deploy.0 = Release|iPhoneSimulator
		{C796839D-EA3C-4077-A4E8-447B90D564E3}.Ad-Hoc|Any CPU.ActiveCfg = Debug|Any CPU
		{C796839D-EA3C-4077-A4E8-447B90D564E3}.Ad-Hoc|Any CPU.Build.0 = Debug|Any CPU
		{C796839D-EA3C-4077-A4E8-447B90D564E3}.Ad-Hoc|Any CPU.Deploy.0 = Debug|Any CPU
		{C796839D-EA3C-4077-A4E8-447B90D564E3}.Ad-Hoc|iPhone.ActiveCfg = Debug|Any CPU
		{C796839D-EA3C-4077-A4E8-447B90D564E3}.Ad-Hoc|iPhone.Build.0 = Debug|Any CPU
		{C796839D-EA3C-4077-A4E8-447B90D564E3}.Ad-Hoc|iPhone.Deploy.0 = Debug|Any CPU
		{C796839D-EA3C-4077-A4E8-447B90D564E3}.Ad-Hoc|iPhoneSimulator.ActiveCfg = Debug|Any CPU
		{C796839D-EA3C-4077-A4E8-447B90D564E3}.Ad-Hoc|iPhoneSimulator.Build.0 = Debug|Any CPU
		{C796839D-EA3C-4077-A4E8-447B90D564E3}.Ad-Hoc|iPhoneSimulator.Deploy.0 = Debug|Any CPU
		{C796839D-EA3C-4077-A4E8-447B90D564E3}.AppStore|Any CPU.ActiveCfg = Debug|Any CPU
		{C796839D-EA3C-4077-A4E8-447B90D564E3}.AppStore|Any CPU.Build.0 = Debug|Any CPU
		{C796839D-EA3C-4077-A4E8-447B90D564E3}.AppStore|Any CPU.Deploy.0 = Debug|Any CPU
		{C796839D-EA3C-4077-A4E8-447B90D564E3}.AppStore|iPhone.ActiveCfg = Debug|Any CPU
		{C796839D-EA3C-4077-A4E8-447B90D564E3}.AppStore|iPhone.Build.0 = Debug|Any CPU
		{C796839D-EA3C-4077-A4E8-447B90D564E3}.AppStore|iPhone.Deploy.0 = Debug|Any CPU
		{C796839D-EA3C-4077-A4E8-447B90D564E3}.AppStore|iPhoneSimulator.ActiveCfg = Debug|Any CPU
		{C796839D-EA3C-4077-A4E8-447B90D564E3}.AppStore|iPhoneSimulator.Build.0 = Debug|Any CPU
		{C796839D-EA3C-4077-A4E8-447B90D564E3}.AppStore|iPhoneSimulator.Deploy.0 = Debug|Any CPU
		{C796839D-EA3C-4077-A4E8-447B90D564E3}.Debug|Any CPU.ActiveCfg = Debug|Any CPU
		{C796839D-EA3C-4077-A4E8-447B90D564E3}.Debug|Any CPU.Build.0 = Debug|Any CPU
		{C796839D-EA3C-4077-A4E8-447B90D564E3}.Debug|Any CPU.Deploy.0 = Debug|Any CPU
		{C796839D-EA3C-4077-A4E8-447B90D564E3}.Debug|iPhone.ActiveCfg = Debug|Any CPU
		{C796839D-EA3C-4077-A4E8-447B90D564E3}.Debug|iPhone.Build.0 = Debug|Any CPU
		{C796839D-EA3C-4077-A4E8-447B90D564E3}.Debug|iPhone.Deploy.0 = Debug|Any CPU
		{C796839D-EA3C-4077-A4E8-447B90D564E3}.Debug|iPhoneSimulator.ActiveCfg = Debug|Any CPU
		{C796839D-EA3C-4077-A4E8-447B90D564E3}.Debug|iPhoneSimulator.Build.0 = Debug|Any CPU
		{C796839D-EA3C-4077-A4E8-447B90D564E3}.Debug|iPhoneSimulator.Deploy.0 = Debug|Any CPU
		{C796839D-EA3C-4077-A4E8-447B90D564E3}.Release|Any CPU.ActiveCfg = Release|Any CPU
		{C796839D-EA3C-4077-A4E8-447B90D564E3}.Release|Any CPU.Build.0 = Release|Any CPU
		{C796839D-EA3C-4077-A4E8-447B90D564E3}.Release|Any CPU.Deploy.0 = Release|Any CPU
		{C796839D-EA3C-4077-A4E8-447B90D564E3}.Release|iPhone.ActiveCfg = Release|Any CPU
		{C796839D-EA3C-4077-A4E8-447B90D564E3}.Release|iPhone.Build.0 = Release|Any CPU
		{C796839D-EA3C-4077-A4E8-447B90D564E3}.Release|iPhone.Deploy.0 = Release|Any CPU
		{C796839D-EA3C-4077-A4E8-447B90D564E3}.Release|iPhoneSimulator.ActiveCfg = Release|Any CPU
		{C796839D-EA3C-4077-A4E8-447B90D564E3}.Release|iPhoneSimulator.Build.0 = Release|Any CPU
		{C796839D-EA3C-4077-A4E8-447B90D564E3}.Release|iPhoneSimulator.Deploy.0 = Release|Any CPU
	EndGlobalSection
	GlobalSection(SolutionProperties) = preSolution
		HideSolutionNode = FALSE
	EndGlobalSection
	GlobalSection(ExtensibilityGlobals) = postSolution
		SolutionGuid = {C65E2354-7A9D-4066-A9BF-8213A8275597}
	EndGlobalSection
EndGlobal
