
Microsoft Visual Studio Solution File, Format Version 12.00
# Visual Studio 15
VisualStudioVersion = 15.0.28010.2003
MinimumVisualStudioVersion = 10.0.40219.1
Project("{FAE04EC0-301F-11D3-BF4B-00C04F79EFBC}") = "XFWatsonDemo.Android", "XFWatsonDemo\XFWatsonDemo.Android\XFWatsonDemo.Android.csproj", "{A50D80BD-3847-4E37-9584-1F86871BF27E}"
EndProject
Project("{FAE04EC0-301F-11D3-BF4B-00C04F79EFBC}") = "XFWatsonDemo.iOS", "XFWatsonDemo\XFWatsonDemo.iOS\XFWatsonDemo.iOS.csproj", "{EA265829-28E6-479B-814A-C61A8EB6B374}"
EndProject
Project("{FAE04EC0-301F-11D3-BF4B-00C04F79EFBC}") = "XFWatsonDemo.UWP", "XFWatsonDemo\XFWatsonDemo.UWP\XFWatsonDemo.UWP.csproj", "{E664C557-7F04-4CD3-BAC8-534746F210D9}"
EndProject
Project("{FAE04EC0-301F-11D3-BF4B-00C04F79EFBC}") = "XFWatsonDemo", "XFWatsonDemo\XFWatsonDemo\XFWatsonDemo.csproj", "{77291B7D-3547-4F2C-BF70-B0C7F12732B1}"
EndProject
Global
	GlobalSection(SolutionConfigurationPlatforms) = preSolution
		Ad-Hoc|Any CPU = Ad-Hoc|Any CPU
		Ad-Hoc|ARM = Ad-Hoc|ARM
		Ad-Hoc|iPhone = Ad-Hoc|iPhone
		Ad-Hoc|iPhoneSimulator = Ad-Hoc|iPhoneSimulator
		Ad-Hoc|x64 = Ad-Hoc|x64
		Ad-Hoc|x86 = Ad-Hoc|x86
		AppStore|Any CPU = AppStore|Any CPU
		AppStore|ARM = AppStore|ARM
		AppStore|iPhone = AppStore|iPhone
		AppStore|iPhoneSimulator = AppStore|iPhoneSimulator
		AppStore|x64 = AppStore|x64
		AppStore|x86 = AppStore|x86
		Debug|Any CPU = Debug|Any CPU
		Debug|ARM = Debug|ARM
		Debug|iPhone = Debug|iPhone
		Debug|iPhoneSimulator = Debug|iPhoneSimulator
		Debug|x64 = Debug|x64
		Debug|x86 = Debug|x86
		Release|Any CPU = Release|Any CPU
		Release|ARM = Release|ARM
		Release|iPhone = Release|iPhone
		Release|iPhoneSimulator = Release|iPhoneSimulator
		Release|x64 = Release|x64
		Release|x86 = Release|x86
	EndGlobalSection
	GlobalSection(ProjectConfigurationPlatforms) = postSolution
		{A50D80BD-3847-4E37-9584-1F86871BF27E}.Ad-Hoc|Any CPU.ActiveCfg = Release|Any CPU
		{A50D80BD-3847-4E37-9584-1F86871BF27E}.Ad-Hoc|Any CPU.Build.0 = Release|Any CPU
		{A50D80BD-3847-4E37-9584-1F86871BF27E}.Ad-Hoc|Any CPU.Deploy.0 = Release|Any CPU
		{A50D80BD-3847-4E37-9584-1F86871BF27E}.Ad-Hoc|ARM.ActiveCfg = Release|Any CPU
		{A50D80BD-3847-4E37-9584-1F86871BF27E}.Ad-Hoc|ARM.Build.0 = Release|Any CPU
		{A50D80BD-3847-4E37-9584-1F86871BF27E}.Ad-Hoc|ARM.Deploy.0 = Release|Any CPU
		{A50D80BD-3847-4E37-9584-1F86871BF27E}.Ad-Hoc|iPhone.ActiveCfg = Release|Any CPU
		{A50D80BD-3847-4E37-9584-1F86871BF27E}.Ad-Hoc|iPhone.Build.0 = Release|Any CPU
		{A50D80BD-3847-4E37-9584-1F86871BF27E}.Ad-Hoc|iPhone.Deploy.0 = Release|Any CPU
		{A50D80BD-3847-4E37-9584-1F86871BF27E}.Ad-Hoc|iPhoneSimulator.ActiveCfg = Release|Any CPU
		{A50D80BD-3847-4E37-9584-1F86871BF27E}.Ad-Hoc|iPhoneSimulator.Build.0 = Release|Any CPU
		{A50D80BD-3847-4E37-9584-1F86871BF27E}.Ad-Hoc|iPhoneSimulator.Deploy.0 = Release|Any CPU
		{A50D80BD-3847-4E37-9584-1F86871BF27E}.Ad-Hoc|x64.ActiveCfg = Release|Any CPU
		{A50D80BD-3847-4E37-9584-1F86871BF27E}.Ad-Hoc|x64.Build.0 = Release|Any CPU
		{A50D80BD-3847-4E37-9584-1F86871BF27E}.Ad-Hoc|x64.Deploy.0 = Release|Any CPU
		{A50D80BD-3847-4E37-9584-1F86871BF27E}.Ad-Hoc|x86.ActiveCfg = Release|Any CPU
		{A50D80BD-3847-4E37-9584-1F86871BF27E}.Ad-Hoc|x86.Build.0 = Release|Any CPU
		{A50D80BD-3847-4E37-9584-1F86871BF27E}.Ad-Hoc|x86.Deploy.0 = Release|Any CPU
		{A50D80BD-3847-4E37-9584-1F86871BF27E}.AppStore|Any CPU.ActiveCfg = Release|Any CPU
		{A50D80BD-3847-4E37-9584-1F86871BF27E}.AppStore|Any CPU.Build.0 = Release|Any CPU
		{A50D80BD-3847-4E37-9584-1F86871BF27E}.AppStore|Any CPU.Deploy.0 = Release|Any CPU
		{A50D80BD-3847-4E37-9584-1F86871BF27E}.AppStore|ARM.ActiveCfg = Release|Any CPU
		{A50D80BD-3847-4E37-9584-1F86871BF27E}.AppStore|ARM.Build.0 = Release|Any CPU
		{A50D80BD-3847-4E37-9584-1F86871BF27E}.AppStore|ARM.Deploy.0 = Release|Any CPU
		{A50D80BD-3847-4E37-9584-1F86871BF27E}.AppStore|iPhone.ActiveCfg = Release|Any CPU
		{A50D80BD-3847-4E37-9584-1F86871BF27E}.AppStore|iPhone.Build.0 = Release|Any CPU
		{A50D80BD-3847-4E37-9584-1F86871BF27E}.AppStore|iPhone.Deploy.0 = Release|Any CPU
		{A50D80BD-3847-4E37-9584-1F86871BF27E}.AppStore|iPhoneSimulator.ActiveCfg = Release|Any CPU
		{A50D80BD-3847-4E37-9584-1F86871BF27E}.AppStore|iPhoneSimulator.Build.0 = Release|Any CPU
		{A50D80BD-3847-4E37-9584-1F86871BF27E}.AppStore|iPhoneSimulator.Deploy.0 = Release|Any CPU
		{A50D80BD-3847-4E37-9584-1F86871BF27E}.AppStore|x64.ActiveCfg = Release|Any CPU
		{A50D80BD-3847-4E37-9584-1F86871BF27E}.AppStore|x64.Build.0 = Release|Any CPU
		{A50D80BD-3847-4E37-9584-1F86871BF27E}.AppStore|x64.Deploy.0 = Release|Any CPU
		{A50D80BD-3847-4E37-9584-1F86871BF27E}.AppStore|x86.ActiveCfg = Release|Any CPU
		{A50D80BD-3847-4E37-9584-1F86871BF27E}.AppStore|x86.Build.0 = Release|Any CPU
		{A50D80BD-3847-4E37-9584-1F86871BF27E}.AppStore|x86.Deploy.0 = Release|Any CPU
		{A50D80BD-3847-4E37-9584-1F86871BF27E}.Debug|Any CPU.ActiveCfg = Debug|Any CPU
		{A50D80BD-3847-4E37-9584-1F86871BF27E}.Debug|Any CPU.Build.0 = Debug|Any CPU
		{A50D80BD-3847-4E37-9584-1F86871BF27E}.Debug|Any CPU.Deploy.0 = Debug|Any CPU
		{A50D80BD-3847-4E37-9584-1F86871BF27E}.Debug|ARM.ActiveCfg = Debug|Any CPU
		{A50D80BD-3847-4E37-9584-1F86871BF27E}.Debug|ARM.Build.0 = Debug|Any CPU
		{A50D80BD-3847-4E37-9584-1F86871BF27E}.Debug|ARM.Deploy.0 = Debug|Any CPU
		{A50D80BD-3847-4E37-9584-1F86871BF27E}.Debug|iPhone.ActiveCfg = Debug|Any CPU
		{A50D80BD-3847-4E37-9584-1F86871BF27E}.Debug|iPhone.Build.0 = Debug|Any CPU
		{A50D80BD-3847-4E37-9584-1F86871BF27E}.Debug|iPhone.Deploy.0 = Debug|Any CPU
		{A50D80BD-3847-4E37-9584-1F86871BF27E}.Debug|iPhoneSimulator.ActiveCfg = Debug|Any CPU
		{A50D80BD-3847-4E37-9584-1F86871BF27E}.Debug|iPhoneSimulator.Build.0 = Debug|Any CPU
		{A50D80BD-3847-4E37-9584-1F86871BF27E}.Debug|iPhoneSimulator.Deploy.0 = Debug|Any CPU
		{A50D80BD-3847-4E37-9584-1F86871BF27E}.Debug|x64.ActiveCfg = Debug|Any CPU
		{A50D80BD-3847-4E37-9584-1F86871BF27E}.Debug|x64.Build.0 = Debug|Any CPU
		{A50D80BD-3847-4E37-9584-1F86871BF27E}.Debug|x64.Deploy.0 = Debug|Any CPU
		{A50D80BD-3847-4E37-9584-1F86871BF27E}.Debug|x86.ActiveCfg = Debug|Any CPU
		{A50D80BD-3847-4E37-9584-1F86871BF27E}.Debug|x86.Build.0 = Debug|Any CPU
		{A50D80BD-3847-4E37-9584-1F86871BF27E}.Debug|x86.Deploy.0 = Debug|Any CPU
		{A50D80BD-3847-4E37-9584-1F86871BF27E}.Release|Any CPU.ActiveCfg = Release|Any CPU
		{A50D80BD-3847-4E37-9584-1F86871BF27E}.Release|Any CPU.Build.0 = Release|Any CPU
		{A50D80BD-3847-4E37-9584-1F86871BF27E}.Release|Any CPU.Deploy.0 = Release|Any CPU
		{A50D80BD-3847-4E37-9584-1F86871BF27E}.Release|ARM.ActiveCfg = Release|Any CPU
		{A50D80BD-3847-4E37-9584-1F86871BF27E}.Release|ARM.Build.0 = Release|Any CPU
		{A50D80BD-3847-4E37-9584-1F86871BF27E}.Release|ARM.Deploy.0 = Release|Any CPU
		{A50D80BD-3847-4E37-9584-1F86871BF27E}.Release|iPhone.ActiveCfg = Release|Any CPU
		{A50D80BD-3847-4E37-9584-1F86871BF27E}.Release|iPhone.Build.0 = Release|Any CPU
		{A50D80BD-3847-4E37-9584-1F86871BF27E}.Release|iPhone.Deploy.0 = Release|Any CPU
		{A50D80BD-3847-4E37-9584-1F86871BF27E}.Release|iPhoneSimulator.ActiveCfg = Release|Any CPU
		{A50D80BD-3847-4E37-9584-1F86871BF27E}.Release|iPhoneSimulator.Build.0 = Release|Any CPU
		{A50D80BD-3847-4E37-9584-1F86871BF27E}.Release|iPhoneSimulator.Deploy.0 = Release|Any CPU
		{A50D80BD-3847-4E37-9584-1F86871BF27E}.Release|x64.ActiveCfg = Release|Any CPU
		{A50D80BD-3847-4E37-9584-1F86871BF27E}.Release|x64.Build.0 = Release|Any CPU
		{A50D80BD-3847-4E37-9584-1F86871BF27E}.Release|x64.Deploy.0 = Release|Any CPU
		{A50D80BD-3847-4E37-9584-1F86871BF27E}.Release|x86.ActiveCfg = Release|Any CPU
		{A50D80BD-3847-4E37-9584-1F86871BF27E}.Release|x86.Build.0 = Release|Any CPU
		{A50D80BD-3847-4E37-9584-1F86871BF27E}.Release|x86.Deploy.0 = Release|Any CPU
		{EA265829-28E6-479B-814A-C61A8EB6B374}.Ad-Hoc|Any CPU.ActiveCfg = Ad-Hoc|iPhone
		{EA265829-28E6-479B-814A-C61A8EB6B374}.Ad-Hoc|Any CPU.Build.0 = Ad-Hoc|iPhone
		{EA265829-28E6-479B-814A-C61A8EB6B374}.Ad-Hoc|Any CPU.Deploy.0 = Ad-Hoc|iPhone
		{EA265829-28E6-479B-814A-C61A8EB6B374}.Ad-Hoc|ARM.ActiveCfg = Ad-Hoc|iPhone
		{EA265829-28E6-479B-814A-C61A8EB6B374}.Ad-Hoc|ARM.Build.0 = Ad-Hoc|iPhone
		{EA265829-28E6-479B-814A-C61A8EB6B374}.Ad-Hoc|ARM.Deploy.0 = Ad-Hoc|iPhone
		{EA265829-28E6-479B-814A-C61A8EB6B374}.Ad-Hoc|iPhone.ActiveCfg = Ad-Hoc|iPhone
		{EA265829-28E6-479B-814A-C61A8EB6B374}.Ad-Hoc|iPhone.Build.0 = Ad-Hoc|iPhone
		{EA265829-28E6-479B-814A-C61A8EB6B374}.Ad-Hoc|iPhone.Deploy.0 = Ad-Hoc|iPhone
		{EA265829-28E6-479B-814A-C61A8EB6B374}.Ad-Hoc|iPhoneSimulator.ActiveCfg = Ad-Hoc|iPhoneSimulator
		{EA265829-28E6-479B-814A-C61A8EB6B374}.Ad-Hoc|iPhoneSimulator.Build.0 = Ad-Hoc|iPhoneSimulator
		{EA265829-28E6-479B-814A-C61A8EB6B374}.Ad-Hoc|iPhoneSimulator.Deploy.0 = Ad-Hoc|iPhoneSimulator
		{EA265829-28E6-479B-814A-C61A8EB6B374}.Ad-Hoc|x64.ActiveCfg = Ad-Hoc|iPhone
		{EA265829-28E6-479B-814A-C61A8EB6B374}.Ad-Hoc|x64.Build.0 = Ad-Hoc|iPhone
		{EA265829-28E6-479B-814A-C61A8EB6B374}.Ad-Hoc|x64.Deploy.0 = Ad-Hoc|iPhone
		{EA265829-28E6-479B-814A-C61A8EB6B374}.Ad-Hoc|x86.ActiveCfg = Ad-Hoc|iPhone
		{EA265829-28E6-479B-814A-C61A8EB6B374}.Ad-Hoc|x86.Build.0 = Ad-Hoc|iPhone
		{EA265829-28E6-479B-814A-C61A8EB6B374}.Ad-Hoc|x86.Deploy.0 = Ad-Hoc|iPhone
		{EA265829-28E6-479B-814A-C61A8EB6B374}.AppStore|Any CPU.ActiveCfg = AppStore|iPhone
		{EA265829-28E6-479B-814A-C61A8EB6B374}.AppStore|Any CPU.Build.0 = AppStore|iPhone
		{EA265829-28E6-479B-814A-C61A8EB6B374}.AppStore|Any CPU.Deploy.0 = AppStore|iPhone
		{EA265829-28E6-479B-814A-C61A8EB6B374}.AppStore|ARM.ActiveCfg = AppStore|iPhone
		{EA265829-28E6-479B-814A-C61A8EB6B374}.AppStore|ARM.Build.0 = AppStore|iPhone
		{EA265829-28E6-479B-814A-C61A8EB6B374}.AppStore|ARM.Deploy.0 = AppStore|iPhone
		{EA265829-28E6-479B-814A-C61A8EB6B374}.AppStore|iPhone.ActiveCfg = AppStore|iPhone
		{EA265829-28E6-479B-814A-C61A8EB6B374}.AppStore|iPhone.Build.0 = AppStore|iPhone
		{EA265829-28E6-479B-814A-C61A8EB6B374}.AppStore|iPhone.Deploy.0 = AppStore|iPhone
		{EA265829-28E6-479B-814A-C61A8EB6B374}.AppStore|iPhoneSimulator.ActiveCfg = AppStore|iPhoneSimulator
		{EA265829-28E6-479B-814A-C61A8EB6B374}.AppStore|iPhoneSimulator.Build.0 = AppStore|iPhoneSimulator
		{EA265829-28E6-479B-814A-C61A8EB6B374}.AppStore|iPhoneSimulator.Deploy.0 = AppStore|iPhoneSimulator
		{EA265829-28E6-479B-814A-C61A8EB6B374}.AppStore|x64.ActiveCfg = AppStore|iPhone
		{EA265829-28E6-479B-814A-C61A8EB6B374}.AppStore|x64.Build.0 = AppStore|iPhone
		{EA265829-28E6-479B-814A-C61A8EB6B374}.AppStore|x64.Deploy.0 = AppStore|iPhone
		{EA265829-28E6-479B-814A-C61A8EB6B374}.AppStore|x86.ActiveCfg = AppStore|iPhone
		{EA265829-28E6-479B-814A-C61A8EB6B374}.AppStore|x86.Build.0 = AppStore|iPhone
		{EA265829-28E6-479B-814A-C61A8EB6B374}.AppStore|x86.Deploy.0 = AppStore|iPhone
		{EA265829-28E6-479B-814A-C61A8EB6B374}.Debug|Any CPU.ActiveCfg = Debug|iPhoneSimulator
		{EA265829-28E6-479B-814A-C61A8EB6B374}.Debug|Any CPU.Build.0 = Debug|iPhoneSimulator
		{EA265829-28E6-479B-814A-C61A8EB6B374}.Debug|Any CPU.Deploy.0 = Debug|iPhoneSimulator
		{EA265829-28E6-479B-814A-C61A8EB6B374}.Debug|ARM.ActiveCfg = Debug|iPhone
		{EA265829-28E6-479B-814A-C61A8EB6B374}.Debug|ARM.Build.0 = Debug|iPhone
		{EA265829-28E6-479B-814A-C61A8EB6B374}.Debug|ARM.Deploy.0 = Debug|iPhone
		{EA265829-28E6-479B-814A-C61A8EB6B374}.Debug|iPhone.ActiveCfg = Debug|iPhone
		{EA265829-28E6-479B-814A-C61A8EB6B374}.Debug|iPhone.Build.0 = Debug|iPhone
		{EA265829-28E6-479B-814A-C61A8EB6B374}.Debug|iPhone.Deploy.0 = Debug|iPhone
		{EA265829-28E6-479B-814A-C61A8EB6B374}.Debug|iPhoneSimulator.ActiveCfg = Debug|iPhoneSimulator
		{EA265829-28E6-479B-814A-C61A8EB6B374}.Debug|iPhoneSimulator.Build.0 = Debug|iPhoneSimulator
		{EA265829-28E6-479B-814A-C61A8EB6B374}.Debug|iPhoneSimulator.Deploy.0 = Debug|iPhoneSimulator
		{EA265829-28E6-479B-814A-C61A8EB6B374}.Debug|x64.ActiveCfg = Debug|iPhone
		{EA265829-28E6-479B-814A-C61A8EB6B374}.Debug|x64.Build.0 = Debug|iPhone
		{EA265829-28E6-479B-814A-C61A8EB6B374}.Debug|x64.Deploy.0 = Debug|iPhone
		{EA265829-28E6-479B-814A-C61A8EB6B374}.Debug|x86.ActiveCfg = Debug|iPhone
		{EA265829-28E6-479B-814A-C61A8EB6B374}.Debug|x86.Build.0 = Debug|iPhone
		{EA265829-28E6-479B-814A-C61A8EB6B374}.Debug|x86.Deploy.0 = Debug|iPhone
		{EA265829-28E6-479B-814A-C61A8EB6B374}.Release|Any CPU.ActiveCfg = Release|iPhone
		{EA265829-28E6-479B-814A-C61A8EB6B374}.Release|Any CPU.Build.0 = Release|iPhone
		{EA265829-28E6-479B-814A-C61A8EB6B374}.Release|Any CPU.Deploy.0 = Release|iPhone
		{EA265829-28E6-479B-814A-C61A8EB6B374}.Release|ARM.ActiveCfg = Release|iPhone
		{EA265829-28E6-479B-814A-C61A8EB6B374}.Release|ARM.Build.0 = Release|iPhone
		{EA265829-28E6-479B-814A-C61A8EB6B374}.Release|ARM.Deploy.0 = Release|iPhone
		{EA265829-28E6-479B-814A-C61A8EB6B374}.Release|iPhone.ActiveCfg = Release|iPhone
		{EA265829-28E6-479B-814A-C61A8EB6B374}.Release|iPhone.Build.0 = Release|iPhone
		{EA265829-28E6-479B-814A-C61A8EB6B374}.Release|iPhone.Deploy.0 = Release|iPhone
		{EA265829-28E6-479B-814A-C61A8EB6B374}.Release|iPhoneSimulator.ActiveCfg = Release|iPhoneSimulator
		{EA265829-28E6-479B-814A-C61A8EB6B374}.Release|iPhoneSimulator.Build.0 = Release|iPhoneSimulator
		{EA265829-28E6-479B-814A-C61A8EB6B374}.Release|iPhoneSimulator.Deploy.0 = Release|iPhoneSimulator
		{EA265829-28E6-479B-814A-C61A8EB6B374}.Release|x64.ActiveCfg = Release|iPhone
		{EA265829-28E6-479B-814A-C61A8EB6B374}.Release|x64.Build.0 = Release|iPhone
		{EA265829-28E6-479B-814A-C61A8EB6B374}.Release|x64.Deploy.0 = Release|iPhone
		{EA265829-28E6-479B-814A-C61A8EB6B374}.Release|x86.ActiveCfg = Release|iPhone
		{EA265829-28E6-479B-814A-C61A8EB6B374}.Release|x86.Build.0 = Release|iPhone
		{EA265829-28E6-479B-814A-C61A8EB6B374}.Release|x86.Deploy.0 = Release|iPhone
		{E664C557-7F04-4CD3-BAC8-534746F210D9}.Ad-Hoc|Any CPU.ActiveCfg = Release|x86
		{E664C557-7F04-4CD3-BAC8-534746F210D9}.Ad-Hoc|Any CPU.Build.0 = Release|x86
		{E664C557-7F04-4CD3-BAC8-534746F210D9}.Ad-Hoc|Any CPU.Deploy.0 = Release|x86
		{E664C557-7F04-4CD3-BAC8-534746F210D9}.Ad-Hoc|ARM.ActiveCfg = Release|ARM
		{E664C557-7F04-4CD3-BAC8-534746F210D9}.Ad-Hoc|ARM.Build.0 = Release|ARM
		{E664C557-7F04-4CD3-BAC8-534746F210D9}.Ad-Hoc|ARM.Deploy.0 = Release|ARM
		{E664C557-7F04-4CD3-BAC8-534746F210D9}.Ad-Hoc|iPhone.ActiveCfg = Release|x86
		{E664C557-7F04-4CD3-BAC8-534746F210D9}.Ad-Hoc|iPhone.Build.0 = Release|x86
		{E664C557-7F04-4CD3-BAC8-534746F210D9}.Ad-Hoc|iPhone.Deploy.0 = Release|x86
		{E664C557-7F04-4CD3-BAC8-534746F210D9}.Ad-Hoc|iPhoneSimulator.ActiveCfg = Release|x86
		{E664C557-7F04-4CD3-BAC8-534746F210D9}.Ad-Hoc|iPhoneSimulator.Build.0 = Release|x86
		{E664C557-7F04-4CD3-BAC8-534746F210D9}.Ad-Hoc|iPhoneSimulator.Deploy.0 = Release|x86
		{E664C557-7F04-4CD3-BAC8-534746F210D9}.Ad-Hoc|x64.ActiveCfg = Release|x64
		{E664C557-7F04-4CD3-BAC8-534746F210D9}.Ad-Hoc|x64.Build.0 = Release|x64
		{E664C557-7F04-4CD3-BAC8-534746F210D9}.Ad-Hoc|x64.Deploy.0 = Release|x64
		{E664C557-7F04-4CD3-BAC8-534746F210D9}.Ad-Hoc|x86.ActiveCfg = Release|x86
		{E664C557-7F04-4CD3-BAC8-534746F210D9}.Ad-Hoc|x86.Build.0 = Release|x86
		{E664C557-7F04-4CD3-BAC8-534746F210D9}.Ad-Hoc|x86.Deploy.0 = Release|x86
		{E664C557-7F04-4CD3-BAC8-534746F210D9}.AppStore|Any CPU.ActiveCfg = Release|x86
		{E664C557-7F04-4CD3-BAC8-534746F210D9}.AppStore|Any CPU.Build.0 = Release|x86
		{E664C557-7F04-4CD3-BAC8-534746F210D9}.AppStore|Any CPU.Deploy.0 = Release|x86
		{E664C557-7F04-4CD3-BAC8-534746F210D9}.AppStore|ARM.ActiveCfg = Release|ARM
		{E664C557-7F04-4CD3-BAC8-534746F210D9}.AppStore|ARM.Build.0 = Release|ARM
		{E664C557-7F04-4CD3-BAC8-534746F210D9}.AppStore|ARM.Deploy.0 = Release|ARM
		{E664C557-7F04-4CD3-BAC8-534746F210D9}.AppStore|iPhone.ActiveCfg = Release|x86
		{E664C557-7F04-4CD3-BAC8-534746F210D9}.AppStore|iPhone.Build.0 = Release|x86
		{E664C557-7F04-4CD3-BAC8-534746F210D9}.AppStore|iPhone.Deploy.0 = Release|x86
		{E664C557-7F04-4CD3-BAC8-534746F210D9}.AppStore|iPhoneSimulator.ActiveCfg = Release|x86
		{E664C557-7F04-4CD3-BAC8-534746F210D9}.AppStore|iPhoneSimulator.Build.0 = Release|x86
		{E664C557-7F04-4CD3-BAC8-534746F210D9}.AppStore|iPhoneSimulator.Deploy.0 = Release|x86
		{E664C557-7F04-4CD3-BAC8-534746F210D9}.AppStore|x64.ActiveCfg = Release|x64
		{E664C557-7F04-4CD3-BAC8-534746F210D9}.AppStore|x64.Build.0 = Release|x64
		{E664C557-7F04-4CD3-BAC8-534746F210D9}.AppStore|x64.Deploy.0 = Release|x64
		{E664C557-7F04-4CD3-BAC8-534746F210D9}.AppStore|x86.ActiveCfg = Release|x86
		{E664C557-7F04-4CD3-BAC8-534746F210D9}.AppStore|x86.Build.0 = Release|x86
		{E664C557-7F04-4CD3-BAC8-534746F210D9}.AppStore|x86.Deploy.0 = Release|x86
		{E664C557-7F04-4CD3-BAC8-534746F210D9}.Debug|Any CPU.ActiveCfg = Debug|x86
		{E664C557-7F04-4CD3-BAC8-534746F210D9}.Debug|Any CPU.Build.0 = Debug|x86
		{E664C557-7F04-4CD3-BAC8-534746F210D9}.Debug|Any CPU.Deploy.0 = Debug|x86
		{E664C557-7F04-4CD3-BAC8-534746F210D9}.Debug|ARM.ActiveCfg = Debug|ARM
		{E664C557-7F04-4CD3-BAC8-534746F210D9}.Debug|ARM.Build.0 = Debug|ARM
		{E664C557-7F04-4CD3-BAC8-534746F210D9}.Debug|ARM.Deploy.0 = Debug|ARM
		{E664C557-7F04-4CD3-BAC8-534746F210D9}.Debug|iPhone.ActiveCfg = Debug|x86
		{E664C557-7F04-4CD3-BAC8-534746F210D9}.Debug|iPhone.Build.0 = Debug|x86
		{E664C557-7F04-4CD3-BAC8-534746F210D9}.Debug|iPhone.Deploy.0 = Debug|x86
		{E664C557-7F04-4CD3-BAC8-534746F210D9}.Debug|iPhoneSimulator.ActiveCfg = Debug|x86
		{E664C557-7F04-4CD3-BAC8-534746F210D9}.Debug|iPhoneSimulator.Build.0 = Debug|x86
		{E664C557-7F04-4CD3-BAC8-534746F210D9}.Debug|iPhoneSimulator.Deploy.0 = Debug|x86
		{E664C557-7F04-4CD3-BAC8-534746F210D9}.Debug|x64.ActiveCfg = Debug|x64
		{E664C557-7F04-4CD3-BAC8-534746F210D9}.Debug|x64.Build.0 = Debug|x64
		{E664C557-7F04-4CD3-BAC8-534746F210D9}.Debug|x64.Deploy.0 = Debug|x64
		{E664C557-7F04-4CD3-BAC8-534746F210D9}.Debug|x86.ActiveCfg = Debug|x86
		{E664C557-7F04-4CD3-BAC8-534746F210D9}.Debug|x86.Build.0 = Debug|x86
		{E664C557-7F04-4CD3-BAC8-534746F210D9}.Debug|x86.Deploy.0 = Debug|x86
		{E664C557-7F04-4CD3-BAC8-534746F210D9}.Release|Any CPU.ActiveCfg = Release|x86
		{E664C557-7F04-4CD3-BAC8-534746F210D9}.Release|Any CPU.Build.0 = Release|x86
		{E664C557-7F04-4CD3-BAC8-534746F210D9}.Release|Any CPU.Deploy.0 = Release|x86
		{E664C557-7F04-4CD3-BAC8-534746F210D9}.Release|ARM.ActiveCfg = Release|ARM
		{E664C557-7F04-4CD3-BAC8-534746F210D9}.Release|ARM.Build.0 = Release|ARM
		{E664C557-7F04-4CD3-BAC8-534746F210D9}.Release|ARM.Deploy.0 = Release|ARM
		{E664C557-7F04-4CD3-BAC8-534746F210D9}.Release|iPhone.ActiveCfg = Release|x86
		{E664C557-7F04-4CD3-BAC8-534746F210D9}.Release|iPhone.Build.0 = Release|x86
		{E664C557-7F04-4CD3-BAC8-534746F210D9}.Release|iPhone.Deploy.0 = Release|x86
		{E664C557-7F04-4CD3-BAC8-534746F210D9}.Release|iPhoneSimulator.ActiveCfg = Release|x86
		{E664C557-7F04-4CD3-BAC8-534746F210D9}.Release|iPhoneSimulator.Build.0 = Release|x86
		{E664C557-7F04-4CD3-BAC8-534746F210D9}.Release|iPhoneSimulator.Deploy.0 = Release|x86
		{E664C557-7F04-4CD3-BAC8-534746F210D9}.Release|x64.ActiveCfg = Release|x64
		{E664C557-7F04-4CD3-BAC8-534746F210D9}.Release|x64.Build.0 = Release|x64
		{E664C557-7F04-4CD3-BAC8-534746F210D9}.Release|x64.Deploy.0 = Release|x64
		{E664C557-7F04-4CD3-BAC8-534746F210D9}.Release|x86.ActiveCfg = Release|x86
		{E664C557-7F04-4CD3-BAC8-534746F210D9}.Release|x86.Build.0 = Release|x86
		{E664C557-7F04-4CD3-BAC8-534746F210D9}.Release|x86.Deploy.0 = Release|x86
		{77291B7D-3547-4F2C-BF70-B0C7F12732B1}.Ad-Hoc|Any CPU.ActiveCfg = Debug|Any CPU
		{77291B7D-3547-4F2C-BF70-B0C7F12732B1}.Ad-Hoc|Any CPU.Build.0 = Debug|Any CPU
		{77291B7D-3547-4F2C-BF70-B0C7F12732B1}.Ad-Hoc|Any CPU.Deploy.0 = Debug|Any CPU
		{77291B7D-3547-4F2C-BF70-B0C7F12732B1}.Ad-Hoc|ARM.ActiveCfg = Debug|Any CPU
		{77291B7D-3547-4F2C-BF70-B0C7F12732B1}.Ad-Hoc|ARM.Build.0 = Debug|Any CPU
		{77291B7D-3547-4F2C-BF70-B0C7F12732B1}.Ad-Hoc|ARM.Deploy.0 = Debug|Any CPU
		{77291B7D-3547-4F2C-BF70-B0C7F12732B1}.Ad-Hoc|iPhone.ActiveCfg = Debug|Any CPU
		{77291B7D-3547-4F2C-BF70-B0C7F12732B1}.Ad-Hoc|iPhone.Build.0 = Debug|Any CPU
		{77291B7D-3547-4F2C-BF70-B0C7F12732B1}.Ad-Hoc|iPhone.Deploy.0 = Debug|Any CPU
		{77291B7D-3547-4F2C-BF70-B0C7F12732B1}.Ad-Hoc|iPhoneSimulator.ActiveCfg = Debug|Any CPU
		{77291B7D-3547-4F2C-BF70-B0C7F12732B1}.Ad-Hoc|iPhoneSimulator.Build.0 = Debug|Any CPU
		{77291B7D-3547-4F2C-BF70-B0C7F12732B1}.Ad-Hoc|iPhoneSimulator.Deploy.0 = Debug|Any CPU
		{77291B7D-3547-4F2C-BF70-B0C7F12732B1}.Ad-Hoc|x64.ActiveCfg = Debug|Any CPU
		{77291B7D-3547-4F2C-BF70-B0C7F12732B1}.Ad-Hoc|x64.Build.0 = Debug|Any CPU
		{77291B7D-3547-4F2C-BF70-B0C7F12732B1}.Ad-Hoc|x64.Deploy.0 = Debug|Any CPU
		{77291B7D-3547-4F2C-BF70-B0C7F12732B1}.Ad-Hoc|x86.ActiveCfg = Debug|Any CPU
		{77291B7D-3547-4F2C-BF70-B0C7F12732B1}.Ad-Hoc|x86.Build.0 = Debug|Any CPU
		{77291B7D-3547-4F2C-BF70-B0C7F12732B1}.Ad-Hoc|x86.Deploy.0 = Debug|Any CPU
		{77291B7D-3547-4F2C-BF70-B0C7F12732B1}.AppStore|Any CPU.ActiveCfg = Debug|Any CPU
		{77291B7D-3547-4F2C-BF70-B0C7F12732B1}.AppStore|Any CPU.Build.0 = Debug|Any CPU
		{77291B7D-3547-4F2C-BF70-B0C7F12732B1}.AppStore|Any CPU.Deploy.0 = Debug|Any CPU
		{77291B7D-3547-4F2C-BF70-B0C7F12732B1}.AppStore|ARM.ActiveCfg = Debug|Any CPU
		{77291B7D-3547-4F2C-BF70-B0C7F12732B1}.AppStore|ARM.Build.0 = Debug|Any CPU
		{77291B7D-3547-4F2C-BF70-B0C7F12732B1}.AppStore|ARM.Deploy.0 = Debug|Any CPU
		{77291B7D-3547-4F2C-BF70-B0C7F12732B1}.AppStore|iPhone.ActiveCfg = Debug|Any CPU
		{77291B7D-3547-4F2C-BF70-B0C7F12732B1}.AppStore|iPhone.Build.0 = Debug|Any CPU
		{77291B7D-3547-4F2C-BF70-B0C7F12732B1}.AppStore|iPhone.Deploy.0 = Debug|Any CPU
		{77291B7D-3547-4F2C-BF70-B0C7F12732B1}.AppStore|iPhoneSimulator.ActiveCfg = Debug|Any CPU
		{77291B7D-3547-4F2C-BF70-B0C7F12732B1}.AppStore|iPhoneSimulator.Build.0 = Debug|Any CPU
		{77291B7D-3547-4F2C-BF70-B0C7F12732B1}.AppStore|iPhoneSimulator.Deploy.0 = Debug|Any CPU
		{77291B7D-3547-4F2C-BF70-B0C7F12732B1}.AppStore|x64.ActiveCfg = Debug|Any CPU
		{77291B7D-3547-4F2C-BF70-B0C7F12732B1}.AppStore|x64.Build.0 = Debug|Any CPU
		{77291B7D-3547-4F2C-BF70-B0C7F12732B1}.AppStore|x64.Deploy.0 = Debug|Any CPU
		{77291B7D-3547-4F2C-BF70-B0C7F12732B1}.AppStore|x86.ActiveCfg = Debug|Any CPU
		{77291B7D-3547-4F2C-BF70-B0C7F12732B1}.AppStore|x86.Build.0 = Debug|Any CPU
		{77291B7D-3547-4F2C-BF70-B0C7F12732B1}.AppStore|x86.Deploy.0 = Debug|Any CPU
		{77291B7D-3547-4F2C-BF70-B0C7F12732B1}.Debug|Any CPU.ActiveCfg = Debug|Any CPU
		{77291B7D-3547-4F2C-BF70-B0C7F12732B1}.Debug|Any CPU.Build.0 = Debug|Any CPU
		{77291B7D-3547-4F2C-BF70-B0C7F12732B1}.Debug|Any CPU.Deploy.0 = Debug|Any CPU
		{77291B7D-3547-4F2C-BF70-B0C7F12732B1}.Debug|ARM.ActiveCfg = Debug|Any CPU
		{77291B7D-3547-4F2C-BF70-B0C7F12732B1}.Debug|ARM.Build.0 = Debug|Any CPU
		{77291B7D-3547-4F2C-BF70-B0C7F12732B1}.Debug|ARM.Deploy.0 = Debug|Any CPU
		{77291B7D-3547-4F2C-BF70-B0C7F12732B1}.Debug|iPhone.ActiveCfg = Debug|Any CPU
		{77291B7D-3547-4F2C-BF70-B0C7F12732B1}.Debug|iPhone.Build.0 = Debug|Any CPU
		{77291B7D-3547-4F2C-BF70-B0C7F12732B1}.Debug|iPhone.Deploy.0 = Debug|Any CPU
		{77291B7D-3547-4F2C-BF70-B0C7F12732B1}.Debug|iPhoneSimulator.ActiveCfg = Debug|Any CPU
		{77291B7D-3547-4F2C-BF70-B0C7F12732B1}.Debug|iPhoneSimulator.Build.0 = Debug|Any CPU
		{77291B7D-3547-4F2C-BF70-B0C7F12732B1}.Debug|iPhoneSimulator.Deploy.0 = Debug|Any CPU
		{77291B7D-3547-4F2C-BF70-B0C7F12732B1}.Debug|x64.ActiveCfg = Debug|Any CPU
		{77291B7D-3547-4F2C-BF70-B0C7F12732B1}.Debug|x64.Build.0 = Debug|Any CPU
		{77291B7D-3547-4F2C-BF70-B0C7F12732B1}.Debug|x64.Deploy.0 = Debug|Any CPU
		{77291B7D-3547-4F2C-BF70-B0C7F12732B1}.Debug|x86.ActiveCfg = Debug|Any CPU
		{77291B7D-3547-4F2C-BF70-B0C7F12732B1}.Debug|x86.Build.0 = Debug|Any CPU
		{77291B7D-3547-4F2C-BF70-B0C7F12732B1}.Debug|x86.Deploy.0 = Debug|Any CPU
		{77291B7D-3547-4F2C-BF70-B0C7F12732B1}.Release|Any CPU.ActiveCfg = Release|Any CPU
		{77291B7D-3547-4F2C-BF70-B0C7F12732B1}.Release|Any CPU.Build.0 = Release|Any CPU
		{77291B7D-3547-4F2C-BF70-B0C7F12732B1}.Release|Any CPU.Deploy.0 = Release|Any CPU
		{77291B7D-3547-4F2C-BF70-B0C7F12732B1}.Release|ARM.ActiveCfg = Release|Any CPU
		{77291B7D-3547-4F2C-BF70-B0C7F12732B1}.Release|ARM.Build.0 = Release|Any CPU
		{77291B7D-3547-4F2C-BF70-B0C7F12732B1}.Release|ARM.Deploy.0 = Release|Any CPU
		{77291B7D-3547-4F2C-BF70-B0C7F12732B1}.Release|iPhone.ActiveCfg = Release|Any CPU
		{77291B7D-3547-4F2C-BF70-B0C7F12732B1}.Release|iPhone.Build.0 = Release|Any CPU
		{77291B7D-3547-4F2C-BF70-B0C7F12732B1}.Release|iPhone.Deploy.0 = Release|Any CPU
		{77291B7D-3547-4F2C-BF70-B0C7F12732B1}.Release|iPhoneSimulator.ActiveCfg = Release|Any CPU
		{77291B7D-3547-4F2C-BF70-B0C7F12732B1}.Release|iPhoneSimulator.Build.0 = Release|Any CPU
		{77291B7D-3547-4F2C-BF70-B0C7F12732B1}.Release|iPhoneSimulator.Deploy.0 = Release|Any CPU
		{77291B7D-3547-4F2C-BF70-B0C7F12732B1}.Release|x64.ActiveCfg = Release|Any CPU
		{77291B7D-3547-4F2C-BF70-B0C7F12732B1}.Release|x64.Build.0 = Release|Any CPU
		{77291B7D-3547-4F2C-BF70-B0C7F12732B1}.Release|x64.Deploy.0 = Release|Any CPU
		{77291B7D-3547-4F2C-BF70-B0C7F12732B1}.Release|x86.ActiveCfg = Release|Any CPU
		{77291B7D-3547-4F2C-BF70-B0C7F12732B1}.Release|x86.Build.0 = Release|Any CPU
		{77291B7D-3547-4F2C-BF70-B0C7F12732B1}.Release|x86.Deploy.0 = Release|Any CPU
	EndGlobalSection
	GlobalSection(SolutionProperties) = preSolution
		HideSolutionNode = FALSE
	EndGlobalSection
	GlobalSection(ExtensibilityGlobals) = postSolution
		SolutionGuid = {EDFF51EC-D895-469B-937E-E02ACC0B348A}
	EndGlobalSection
EndGlobal
